
Microsoft Visual Studio Solution File, Format Version 12.00
# Visual Studio Version 17
VisualStudioVersion = 17.4.33205.214
MinimumVisualStudioVersion = 10.0.40219.1
Project("{FAE04EC0-301F-11D3-BF4B-00C04F79EFBC}") = "SocketServerH1", "SocketServerH1.csproj", "{C3F53C00-93AD-4636-A97E-D297505A120E}"
EndProject
Project("{FAE04EC0-301F-11D3-BF4B-00C04F79EFBC}") = "SocketClientH1", "..\SocketClientH1\SocketClientH1.csproj", "{E8C86477-DA77-4CB7-9C64-32CC7CA0BE27}"
EndProject
Global
	GlobalSection(SolutionConfigurationPlatforms) = preSolution
		Debug|Any CPU = Debug|Any CPU
		Release|Any CPU = Release|Any CPU
	EndGlobalSection
	GlobalSection(ProjectConfigurationPlatforms) = postSolution
		{C3F53C00-93AD-4636-A97E-D297505A120E}.Debug|Any CPU.ActiveCfg = Debug|Any CPU
		{C3F53C00-93AD-4636-A97E-D297505A120E}.Debug|Any CPU.Build.0 = Debug|Any CPU
		{C3F53C00-93AD-4636-A97E-D297505A120E}.Release|Any CPU.ActiveCfg = Release|Any CPU
		{C3F53C00-93AD-4636-A97E-D297505A120E}.Release|Any CPU.Build.0 = Release|Any CPU
		{E8C86477-DA77-4CB7-9C64-32CC7CA0BE27}.Debug|Any CPU.ActiveCfg = Debug|Any CPU
		{E8C86477-DA77-4CB7-9C64-32CC7CA0BE27}.Debug|Any CPU.Build.0 = Debug|Any CPU
		{E8C86477-DA77-4CB7-9C64-32CC7CA0BE27}.Release|Any CPU.ActiveCfg = Release|Any CPU
		{E8C86477-DA77-4CB7-9C64-32CC7CA0BE27}.Release|Any CPU.Build.0 = Release|Any CPU
	EndGlobalSection
	GlobalSection(SolutionProperties) = preSolution
		HideSolutionNode = FALSE
	EndGlobalSection
	GlobalSection(ExtensibilityGlobals) = postSolution
		SolutionGuid = {704664A9-2F0F-41E5-B27D-EC100B269881}
	EndGlobalSection
EndGlobal
